
Microsoft Visual Studio Solution File, Format Version 12.00
# Visual Studio 14
VisualStudioVersion = 14.0.25420.1
MinimumVisualStudioVersion = 10.0.40219.1
Project("{FAE04EC0-301F-11D3-BF4B-00C04F79EFBC}") = "FR", "FR\FR.csproj", "{D857CFA7-6E35-4FF0-A271-6C743702A25B}"
EndProject
Project("{FAE04EC0-301F-11D3-BF4B-00C04F79EFBC}") = "FR.Droid", "FR.Droid\FR.Droid.csproj", "{35D6C0BA-F56A-4461-A8D9-5467B747C38F}"
EndProject
Project("{FAE04EC0-301F-11D3-BF4B-00C04F79EFBC}") = "FR.iOS", "FR.iOS\FR.iOS.csproj", "{F73993C1-1DE3-4AAA-9BB8-DE2A688B732D}"
EndProject
Project("{2150E333-8FDC-42A3-9474-1A3956D46DE8}") = ".solution", ".solution", "{91C71ABE-1BB9-414C-B299-089F818439BF}"
	ProjectSection(SolutionItems) = preProject
		.gitattributes = .gitattributes
		.gitignore = .gitignore
		Artifacts\FR_AdHoc_HAPDW_iOS_Distribution_PP_01.mobileprovision = Artifacts\FR_AdHoc_HAPDW_iOS_Distribution_PP_01.mobileprovision
		Artifacts\FR_AppStore_Prod_iOS_Distribution_PP_01.mobileprovision = Artifacts\FR_AppStore_Prod_iOS_Distribution_PP_01.mobileprovision
		Artifacts\FR_Dev_Cert_FR12%40.p12 = Artifacts\FR_Dev_Cert_FR12%40.p12
		Artifacts\FR_Dist_Cert_FR12%40.p12 = Artifacts\FR_Dist_Cert_FR12%40.p12
	EndProjectSection
EndProject
Global
	GlobalSection(SolutionConfigurationPlatforms) = preSolution
		Ad-Hoc|Any CPU = Ad-Hoc|Any CPU
		Ad-Hoc|iPhone = Ad-Hoc|iPhone
		Ad-Hoc|iPhoneSimulator = Ad-Hoc|iPhoneSimulator
		AppStore|Any CPU = AppStore|Any CPU
		AppStore|iPhone = AppStore|iPhone
		AppStore|iPhoneSimulator = AppStore|iPhoneSimulator
		Debug|Any CPU = Debug|Any CPU
		Debug|iPhone = Debug|iPhone
		Debug|iPhoneSimulator = Debug|iPhoneSimulator
		Release|Any CPU = Release|Any CPU
		Release|iPhone = Release|iPhone
		Release|iPhoneSimulator = Release|iPhoneSimulator
		Windows Debug|Any CPU = Windows Debug|Any CPU
		Windows Debug|iPhone = Windows Debug|iPhone
		Windows Debug|iPhoneSimulator = Windows Debug|iPhoneSimulator
		Windows Release|Any CPU = Windows Release|Any CPU
		Windows Release|iPhone = Windows Release|iPhone
		Windows Release|iPhoneSimulator = Windows Release|iPhoneSimulator
	EndGlobalSection
	GlobalSection(ProjectConfigurationPlatforms) = postSolution
		{D857CFA7-6E35-4FF0-A271-6C743702A25B}.Ad-Hoc|Any CPU.ActiveCfg = Debug|Any CPU
		{D857CFA7-6E35-4FF0-A271-6C743702A25B}.Ad-Hoc|Any CPU.Build.0 = Debug|Any CPU
		{D857CFA7-6E35-4FF0-A271-6C743702A25B}.Ad-Hoc|iPhone.ActiveCfg = Debug|Any CPU
		{D857CFA7-6E35-4FF0-A271-6C743702A25B}.Ad-Hoc|iPhone.Build.0 = Debug|Any CPU
		{D857CFA7-6E35-4FF0-A271-6C743702A25B}.Ad-Hoc|iPhoneSimulator.ActiveCfg = Debug|Any CPU
		{D857CFA7-6E35-4FF0-A271-6C743702A25B}.Ad-Hoc|iPhoneSimulator.Build.0 = Debug|Any CPU
		{D857CFA7-6E35-4FF0-A271-6C743702A25B}.AppStore|Any CPU.ActiveCfg = Debug|Any CPU
		{D857CFA7-6E35-4FF0-A271-6C743702A25B}.AppStore|Any CPU.Build.0 = Debug|Any CPU
		{D857CFA7-6E35-4FF0-A271-6C743702A25B}.AppStore|iPhone.ActiveCfg = Debug|Any CPU
		{D857CFA7-6E35-4FF0-A271-6C743702A25B}.AppStore|iPhone.Build.0 = Debug|Any CPU
		{D857CFA7-6E35-4FF0-A271-6C743702A25B}.AppStore|iPhoneSimulator.ActiveCfg = Debug|Any CPU
		{D857CFA7-6E35-4FF0-A271-6C743702A25B}.AppStore|iPhoneSimulator.Build.0 = Debug|Any CPU
		{D857CFA7-6E35-4FF0-A271-6C743702A25B}.Debug|Any CPU.ActiveCfg = Debug|Any CPU
		{D857CFA7-6E35-4FF0-A271-6C743702A25B}.Debug|Any CPU.Build.0 = Debug|Any CPU
		{D857CFA7-6E35-4FF0-A271-6C743702A25B}.Debug|iPhone.ActiveCfg = Debug|Any CPU
		{D857CFA7-6E35-4FF0-A271-6C743702A25B}.Debug|iPhone.Build.0 = Debug|Any CPU
		{D857CFA7-6E35-4FF0-A271-6C743702A25B}.Debug|iPhoneSimulator.ActiveCfg = Debug|Any CPU
		{D857CFA7-6E35-4FF0-A271-6C743702A25B}.Debug|iPhoneSimulator.Build.0 = Debug|Any CPU
		{D857CFA7-6E35-4FF0-A271-6C743702A25B}.Release|Any CPU.ActiveCfg = Release|Any CPU
		{D857CFA7-6E35-4FF0-A271-6C743702A25B}.Release|iPhone.ActiveCfg = Release|Any CPU
		{D857CFA7-6E35-4FF0-A271-6C743702A25B}.Release|iPhone.Build.0 = Release|Any CPU
		{D857CFA7-6E35-4FF0-A271-6C743702A25B}.Release|iPhoneSimulator.ActiveCfg = Release|Any CPU
		{D857CFA7-6E35-4FF0-A271-6C743702A25B}.Release|iPhoneSimulator.Build.0 = Release|Any CPU
		{D857CFA7-6E35-4FF0-A271-6C743702A25B}.Windows Debug|Any CPU.ActiveCfg = Debug|Any CPU
		{D857CFA7-6E35-4FF0-A271-6C743702A25B}.Windows Debug|Any CPU.Build.0 = Debug|Any CPU
		{D857CFA7-6E35-4FF0-A271-6C743702A25B}.Windows Debug|iPhone.ActiveCfg = Debug|Any CPU
		{D857CFA7-6E35-4FF0-A271-6C743702A25B}.Windows Debug|iPhone.Build.0 = Debug|Any CPU
		{D857CFA7-6E35-4FF0-A271-6C743702A25B}.Windows Debug|iPhoneSimulator.ActiveCfg = Debug|Any CPU
		{D857CFA7-6E35-4FF0-A271-6C743702A25B}.Windows Debug|iPhoneSimulator.Build.0 = Debug|Any CPU
		{D857CFA7-6E35-4FF0-A271-6C743702A25B}.Windows Release|Any CPU.ActiveCfg = Debug|Any CPU
		{D857CFA7-6E35-4FF0-A271-6C743702A25B}.Windows Release|Any CPU.Build.0 = Debug|Any CPU
		{D857CFA7-6E35-4FF0-A271-6C743702A25B}.Windows Release|iPhone.ActiveCfg = Debug|Any CPU
		{D857CFA7-6E35-4FF0-A271-6C743702A25B}.Windows Release|iPhone.Build.0 = Debug|Any CPU
		{D857CFA7-6E35-4FF0-A271-6C743702A25B}.Windows Release|iPhoneSimulator.ActiveCfg = Debug|Any CPU
		{D857CFA7-6E35-4FF0-A271-6C743702A25B}.Windows Release|iPhoneSimulator.Build.0 = Debug|Any CPU
		{35D6C0BA-F56A-4461-A8D9-5467B747C38F}.Ad-Hoc|Any CPU.ActiveCfg = Debug|Any CPU
		{35D6C0BA-F56A-4461-A8D9-5467B747C38F}.Ad-Hoc|Any CPU.Build.0 = Debug|Any CPU
		{35D6C0BA-F56A-4461-A8D9-5467B747C38F}.Ad-Hoc|iPhone.ActiveCfg = Debug|Any CPU
		{35D6C0BA-F56A-4461-A8D9-5467B747C38F}.Ad-Hoc|iPhone.Build.0 = Debug|Any CPU
		{35D6C0BA-F56A-4461-A8D9-5467B747C38F}.Ad-Hoc|iPhoneSimulator.ActiveCfg = Debug|Any CPU
		{35D6C0BA-F56A-4461-A8D9-5467B747C38F}.Ad-Hoc|iPhoneSimulator.Build.0 = Debug|Any CPU
		{35D6C0BA-F56A-4461-A8D9-5467B747C38F}.AppStore|Any CPU.ActiveCfg = Debug|Any CPU
		{35D6C0BA-F56A-4461-A8D9-5467B747C38F}.AppStore|Any CPU.Build.0 = Debug|Any CPU
		{35D6C0BA-F56A-4461-A8D9-5467B747C38F}.AppStore|iPhone.ActiveCfg = Debug|Any CPU
		{35D6C0BA-F56A-4461-A8D9-5467B747C38F}.AppStore|iPhone.Build.0 = Debug|Any CPU
		{35D6C0BA-F56A-4461-A8D9-5467B747C38F}.AppStore|iPhoneSimulator.ActiveCfg = Debug|Any CPU
		{35D6C0BA-F56A-4461-A8D9-5467B747C38F}.AppStore|iPhoneSimulator.Build.0 = Debug|Any CPU
		{35D6C0BA-F56A-4461-A8D9-5467B747C38F}.Debug|Any CPU.ActiveCfg = Debug|Any CPU
		{35D6C0BA-F56A-4461-A8D9-5467B747C38F}.Debug|Any CPU.Build.0 = Debug|Any CPU
		{35D6C0BA-F56A-4461-A8D9-5467B747C38F}.Debug|Any CPU.Deploy.0 = Debug|Any CPU
		{35D6C0BA-F56A-4461-A8D9-5467B747C38F}.Debug|iPhone.ActiveCfg = Debug|Any CPU
		{35D6C0BA-F56A-4461-A8D9-5467B747C38F}.Debug|iPhone.Build.0 = Debug|Any CPU
		{35D6C0BA-F56A-4461-A8D9-5467B747C38F}.Debug|iPhoneSimulator.ActiveCfg = Debug|Any CPU
		{35D6C0BA-F56A-4461-A8D9-5467B747C38F}.Debug|iPhoneSimulator.Build.0 = Debug|Any CPU
		{35D6C0BA-F56A-4461-A8D9-5467B747C38F}.Release|Any CPU.ActiveCfg = Release|Any CPU
		{35D6C0BA-F56A-4461-A8D9-5467B747C38F}.Release|Any CPU.Build.0 = Release|Any CPU
		{35D6C0BA-F56A-4461-A8D9-5467B747C38F}.Release|Any CPU.Deploy.0 = Release|Any CPU
		{35D6C0BA-F56A-4461-A8D9-5467B747C38F}.Release|iPhone.ActiveCfg = Release|Any CPU
		{35D6C0BA-F56A-4461-A8D9-5467B747C38F}.Release|iPhone.Build.0 = Release|Any CPU
		{35D6C0BA-F56A-4461-A8D9-5467B747C38F}.Release|iPhoneSimulator.ActiveCfg = Release|Any CPU
		{35D6C0BA-F56A-4461-A8D9-5467B747C38F}.Release|iPhoneSimulator.Build.0 = Release|Any CPU
		{35D6C0BA-F56A-4461-A8D9-5467B747C38F}.Windows Debug|Any CPU.ActiveCfg = Debug|Any CPU
		{35D6C0BA-F56A-4461-A8D9-5467B747C38F}.Windows Debug|Any CPU.Build.0 = Debug|Any CPU
		{35D6C0BA-F56A-4461-A8D9-5467B747C38F}.Windows Debug|iPhone.ActiveCfg = Debug|Any CPU
		{35D6C0BA-F56A-4461-A8D9-5467B747C38F}.Windows Debug|iPhone.Build.0 = Debug|Any CPU
		{35D6C0BA-F56A-4461-A8D9-5467B747C38F}.Windows Debug|iPhoneSimulator.ActiveCfg = Debug|Any CPU
		{35D6C0BA-F56A-4461-A8D9-5467B747C38F}.Windows Debug|iPhoneSimulator.Build.0 = Debug|Any CPU
		{35D6C0BA-F56A-4461-A8D9-5467B747C38F}.Windows Release|Any CPU.ActiveCfg = Debug|Any CPU
		{35D6C0BA-F56A-4461-A8D9-5467B747C38F}.Windows Release|Any CPU.Build.0 = Debug|Any CPU
		{35D6C0BA-F56A-4461-A8D9-5467B747C38F}.Windows Release|iPhone.ActiveCfg = Debug|Any CPU
		{35D6C0BA-F56A-4461-A8D9-5467B747C38F}.Windows Release|iPhone.Build.0 = Debug|Any CPU
		{35D6C0BA-F56A-4461-A8D9-5467B747C38F}.Windows Release|iPhoneSimulator.ActiveCfg = Debug|Any CPU
		{35D6C0BA-F56A-4461-A8D9-5467B747C38F}.Windows Release|iPhoneSimulator.Build.0 = Debug|Any CPU
		{F73993C1-1DE3-4AAA-9BB8-DE2A688B732D}.Ad-Hoc|Any CPU.ActiveCfg = Ad-Hoc|iPhone
		{F73993C1-1DE3-4AAA-9BB8-DE2A688B732D}.Ad-Hoc|Any CPU.Build.0 = Ad-Hoc|iPhone
		{F73993C1-1DE3-4AAA-9BB8-DE2A688B732D}.Ad-Hoc|iPhone.ActiveCfg = Ad-Hoc|iPhone
		{F73993C1-1DE3-4AAA-9BB8-DE2A688B732D}.Ad-Hoc|iPhone.Build.0 = Ad-Hoc|iPhone
		{F73993C1-1DE3-4AAA-9BB8-DE2A688B732D}.Ad-Hoc|iPhoneSimulator.ActiveCfg = Debug|iPhoneSimulator
		{F73993C1-1DE3-4AAA-9BB8-DE2A688B732D}.Ad-Hoc|iPhoneSimulator.Build.0 = Debug|iPhoneSimulator
		{F73993C1-1DE3-4AAA-9BB8-DE2A688B732D}.AppStore|Any CPU.ActiveCfg = AppStore|iPhone
		{F73993C1-1DE3-4AAA-9BB8-DE2A688B732D}.AppStore|Any CPU.Build.0 = AppStore|iPhone
		{F73993C1-1DE3-4AAA-9BB8-DE2A688B732D}.AppStore|iPhone.ActiveCfg = AppStore|iPhone
		{F73993C1-1DE3-4AAA-9BB8-DE2A688B732D}.AppStore|iPhone.Build.0 = AppStore|iPhone
		{F73993C1-1DE3-4AAA-9BB8-DE2A688B732D}.AppStore|iPhoneSimulator.ActiveCfg = Debug|iPhoneSimulator
		{F73993C1-1DE3-4AAA-9BB8-DE2A688B732D}.AppStore|iPhoneSimulator.Build.0 = Debug|iPhoneSimulator
		{F73993C1-1DE3-4AAA-9BB8-DE2A688B732D}.Debug|Any CPU.ActiveCfg = Debug|iPhoneSimulator
		{F73993C1-1DE3-4AAA-9BB8-DE2A688B732D}.Debug|Any CPU.Build.0 = Debug|iPhoneSimulator
		{F73993C1-1DE3-4AAA-9BB8-DE2A688B732D}.Debug|iPhone.ActiveCfg = Debug|iPhone
		{F73993C1-1DE3-4AAA-9BB8-DE2A688B732D}.Debug|iPhone.Build.0 = Debug|iPhone
		{F73993C1-1DE3-4AAA-9BB8-DE2A688B732D}.Debug|iPhoneSimulator.ActiveCfg = Debug|iPhoneSimulator
		{F73993C1-1DE3-4AAA-9BB8-DE2A688B732D}.Debug|iPhoneSimulator.Build.0 = Debug|iPhoneSimulator
		{F73993C1-1DE3-4AAA-9BB8-DE2A688B732D}.Release|Any CPU.ActiveCfg = Release|iPhoneSimulator
		{F73993C1-1DE3-4AAA-9BB8-DE2A688B732D}.Release|Any CPU.Deploy.0 = Release|iPhoneSimulator
		{F73993C1-1DE3-4AAA-9BB8-DE2A688B732D}.Release|iPhone.ActiveCfg = Release|iPhone
		{F73993C1-1DE3-4AAA-9BB8-DE2A688B732D}.Release|iPhone.Build.0 = Release|iPhone
		{F73993C1-1DE3-4AAA-9BB8-DE2A688B732D}.Release|iPhoneSimulator.ActiveCfg = Release|iPhoneSimulator
		{F73993C1-1DE3-4AAA-9BB8-DE2A688B732D}.Release|iPhoneSimulator.Build.0 = Release|iPhoneSimulator
		{F73993C1-1DE3-4AAA-9BB8-DE2A688B732D}.Windows Debug|Any CPU.ActiveCfg = Debug|iPhoneSimulator
		{F73993C1-1DE3-4AAA-9BB8-DE2A688B732D}.Windows Debug|Any CPU.Build.0 = Debug|iPhoneSimulator
		{F73993C1-1DE3-4AAA-9BB8-DE2A688B732D}.Windows Debug|iPhone.ActiveCfg = Debug|iPhone
		{F73993C1-1DE3-4AAA-9BB8-DE2A688B732D}.Windows Debug|iPhone.Build.0 = Debug|iPhone
		{F73993C1-1DE3-4AAA-9BB8-DE2A688B732D}.Windows Debug|iPhoneSimulator.ActiveCfg = Debug|iPhoneSimulator
		{F73993C1-1DE3-4AAA-9BB8-DE2A688B732D}.Windows Debug|iPhoneSimulator.Build.0 = Debug|iPhoneSimulator
		{F73993C1-1DE3-4AAA-9BB8-DE2A688B732D}.Windows Release|Any CPU.ActiveCfg = Debug|iPhoneSimulator
		{F73993C1-1DE3-4AAA-9BB8-DE2A688B732D}.Windows Release|Any CPU.Build.0 = Debug|iPhoneSimulator
		{F73993C1-1DE3-4AAA-9BB8-DE2A688B732D}.Windows Release|iPhone.ActiveCfg = Debug|iPhone
		{F73993C1-1DE3-4AAA-9BB8-DE2A688B732D}.Windows Release|iPhone.Build.0 = Debug|iPhone
		{F73993C1-1DE3-4AAA-9BB8-DE2A688B732D}.Windows Release|iPhoneSimulator.ActiveCfg = Debug|iPhoneSimulator
		{F73993C1-1DE3-4AAA-9BB8-DE2A688B732D}.Windows Release|iPhoneSimulator.Build.0 = Debug|iPhoneSimulator
	EndGlobalSection
	GlobalSection(SolutionProperties) = preSolution
		HideSolutionNode = FALSE
	EndGlobalSection
EndGlobal
